
Microsoft Visual Studio Solution File, Format Version 12.00
# Visual Studio Version 16
VisualStudioVersion = 16.0.31702.278
MinimumVisualStudioVersion = 10.0.40219.1
Project("{FAE04EC0-301F-11D3-BF4B-00C04F79EFBC}") = "Examen1_Jonnathan_Ortega", "Examen1_Jonnathan_Ortega.csproj", "{106065E9-436D-420A-9960-7E7B9DB34CFE}"
EndProject
Global
	GlobalSection(SolutionConfigurationPlatforms) = preSolution
		Debug|Any CPU = Debug|Any CPU
		Release|Any CPU = Release|Any CPU
	EndGlobalSection
	GlobalSection(ProjectConfigurationPlatforms) = postSolution
		{106065E9-436D-420A-9960-7E7B9DB34CFE}.Debug|Any CPU.ActiveCfg = Debug|Any CPU
		{106065E9-436D-420A-9960-7E7B9DB34CFE}.Debug|Any CPU.Build.0 = Debug|Any CPU
		{106065E9-436D-420A-9960-7E7B9DB34CFE}.Release|Any CPU.ActiveCfg = Release|Any CPU
		{106065E9-436D-420A-9960-7E7B9DB34CFE}.Release|Any CPU.Build.0 = Release|Any CPU
	EndGlobalSection
	GlobalSection(SolutionProperties) = preSolution
		HideSolutionNode = FALSE
	EndGlobalSection
	GlobalSection(ExtensibilityGlobals) = postSolution
		SolutionGuid = {820EBC62-B1F4-4BC8-9B9A-87BCA1E226A3}
	EndGlobalSection
EndGlobal
